
Microsoft Visual Studio Solution File, Format Version 12.00
# Visual Studio Version 17
VisualStudioVersion = 17.13.35828.75
MinimumVisualStudioVersion = 10.0.40219.1
Project("{FAE04EC0-301F-11D3-BF4B-00C04F79EFBC}") = "Simulation", "Simulation\Simulation.csproj", "{A3C2F1DE-6D5D-4D4D-93FE-79A6AE0556A3}"
EndProject
Project("{FAE04EC0-301F-11D3-BF4B-00C04F79EFBC}") = "Simulation.Domain", "Simulation.Domain\Simulation.Domain.csproj", "{E3BB60F7-0538-4476-B6FC-50FA28D2ACBE}"
EndProject
Global
	GlobalSection(SolutionConfigurationPlatforms) = preSolution
		Debug|Any CPU = Debug|Any CPU
		Release|Any CPU = Release|Any CPU
	EndGlobalSection
	GlobalSection(ProjectConfigurationPlatforms) = postSolution
		{A3C2F1DE-6D5D-4D4D-93FE-79A6AE0556A3}.Debug|Any CPU.ActiveCfg = Debug|Any CPU
		{A3C2F1DE-6D5D-4D4D-93FE-79A6AE0556A3}.Debug|Any CPU.Build.0 = Debug|Any CPU
		{A3C2F1DE-6D5D-4D4D-93FE-79A6AE0556A3}.Release|Any CPU.ActiveCfg = Release|Any CPU
		{A3C2F1DE-6D5D-4D4D-93FE-79A6AE0556A3}.Release|Any CPU.Build.0 = Release|Any CPU
		{E3BB60F7-0538-4476-B6FC-50FA28D2ACBE}.Debug|Any CPU.ActiveCfg = Debug|Any CPU
		{E3BB60F7-0538-4476-B6FC-50FA28D2ACBE}.Debug|Any CPU.Build.0 = Debug|Any CPU
		{E3BB60F7-0538-4476-B6FC-50FA28D2ACBE}.Release|Any CPU.ActiveCfg = Release|Any CPU
		{E3BB60F7-0538-4476-B6FC-50FA28D2ACBE}.Release|Any CPU.Build.0 = Release|Any CPU
	EndGlobalSection
	GlobalSection(SolutionProperties) = preSolution
		HideSolutionNode = FALSE
	EndGlobalSection
	GlobalSection(ExtensibilityGlobals) = postSolution
		SolutionGuid = {06BC8075-BEA3-4B3F-88BF-6CBD78C98DBD}
	EndGlobalSection
EndGlobal
